
Microsoft Visual Studio Solution File, Format Version 12.00
# Visual Studio Version 16
VisualStudioVersion = 16.0.30413.136
MinimumVisualStudioVersion = 10.0.40219.1
Project("{FAE04EC0-301F-11D3-BF4B-00C04F79EFBC}") = "LabWork1_V9_WindowsFormsBuses", "LabWork1_V9_WindowsFormsBuses\LabWork1_V9_WindowsFormsBuses.csproj", "{30A04D83-1162-45F2-AEA7-544436B88A43}"
EndProject
Global
	GlobalSection(SolutionConfigurationPlatforms) = preSolution
		Debug|Any CPU = Debug|Any CPU
		Release|Any CPU = Release|Any CPU
	EndGlobalSection
	GlobalSection(ProjectConfigurationPlatforms) = postSolution
		{30A04D83-1162-45F2-AEA7-544436B88A43}.Debug|Any CPU.ActiveCfg = Debug|Any CPU
		{30A04D83-1162-45F2-AEA7-544436B88A43}.Debug|Any CPU.Build.0 = Debug|Any CPU
		{30A04D83-1162-45F2-AEA7-544436B88A43}.Release|Any CPU.ActiveCfg = Release|Any CPU
		{30A04D83-1162-45F2-AEA7-544436B88A43}.Release|Any CPU.Build.0 = Release|Any CPU
	EndGlobalSection
	GlobalSection(SolutionProperties) = preSolution
		HideSolutionNode = FALSE
	EndGlobalSection
	GlobalSection(ExtensibilityGlobals) = postSolution
		SolutionGuid = {65DE4B52-95A4-4269-B1E5-B26D7D9DC9D6}
	EndGlobalSection
EndGlobal
